# This file is autogenerated, do not edit; changes may be undone by the next 'dep ensure'.


[[projects]]
  branch = "master"
  name = "github.com/veandco/go-sdl2"
  packages = ["sdl"]
  revision = "e3e766a29550d22180ca61b9f7905af976e3c054"

[solve-meta]
  analyzer-name = "dep"
  analyzer-version = 1
  inputs-digest = "d78fc3a19136174c3f7dcb314f25d3671afd02eff0e51ed89d72efa251b0ed96"
  solver-name = "gps-cdcl"
  solver-version = 1
